
Microsoft Visual Studio Solution File, Format Version 12.00
# Visual Studio Version 17
VisualStudioVersion = 17.10.35013.160
MinimumVisualStudioVersion = 10.0.40219.1
Project("{FAE04EC0-301F-11D3-BF4B-00C04F79EFBC}") = "Function(1)", "Function(1).csproj", "{B4FDE2B3-F9CB-4486-ABAA-C7E9E29B599E}"
EndProject
Global
	GlobalSection(SolutionConfigurationPlatforms) = preSolution
		Debug|Any CPU = Debug|Any CPU
		Release|Any CPU = Release|Any CPU
	EndGlobalSection
	GlobalSection(ProjectConfigurationPlatforms) = postSolution
		{B4FDE2B3-F9CB-4486-ABAA-C7E9E29B599E}.Debug|Any CPU.ActiveCfg = Debug|Any CPU
		{B4FDE2B3-F9CB-4486-ABAA-C7E9E29B599E}.Debug|Any CPU.Build.0 = Debug|Any CPU
		{B4FDE2B3-F9CB-4486-ABAA-C7E9E29B599E}.Release|Any CPU.ActiveCfg = Release|Any CPU
		{B4FDE2B3-F9CB-4486-ABAA-C7E9E29B599E}.Release|Any CPU.Build.0 = Release|Any CPU
	EndGlobalSection
	GlobalSection(SolutionProperties) = preSolution
		HideSolutionNode = FALSE
	EndGlobalSection
	GlobalSection(ExtensibilityGlobals) = postSolution
		SolutionGuid = {35A4A22A-932E-47AA-9A01-36B27AF2BA0A}
	EndGlobalSection
EndGlobal
