
Microsoft Visual Studio Solution File, Format Version 12.00
# Visual Studio Version 17
VisualStudioVersion = 17.10.35013.160
MinimumVisualStudioVersion = 10.0.40219.1
Project("{FAE04EC0-301F-11D3-BF4B-00C04F79EFBC}") = "Task(4)_C#", "Task(4)_C#.csproj", "{4A7833C8-1C81-4B69-B379-C96710398D94}"
EndProject
Global
	GlobalSection(SolutionConfigurationPlatforms) = preSolution
		Debug|Any CPU = Debug|Any CPU
		Release|Any CPU = Release|Any CPU
	EndGlobalSection
	GlobalSection(ProjectConfigurationPlatforms) = postSolution
		{4A7833C8-1C81-4B69-B379-C96710398D94}.Debug|Any CPU.ActiveCfg = Debug|Any CPU
		{4A7833C8-1C81-4B69-B379-C96710398D94}.Debug|Any CPU.Build.0 = Debug|Any CPU
		{4A7833C8-1C81-4B69-B379-C96710398D94}.Release|Any CPU.ActiveCfg = Release|Any CPU
		{4A7833C8-1C81-4B69-B379-C96710398D94}.Release|Any CPU.Build.0 = Release|Any CPU
	EndGlobalSection
	GlobalSection(SolutionProperties) = preSolution
		HideSolutionNode = FALSE
	EndGlobalSection
	GlobalSection(ExtensibilityGlobals) = postSolution
		SolutionGuid = {6A7FB66C-7C56-4450-AA02-0D93D1394C96}
	EndGlobalSection
EndGlobal
